
Microsoft Visual Studio Solution File, Format Version 12.00
# Visual Studio Version 16
VisualStudioVersion = 16.0.30907.101
MinimumVisualStudioVersion = 10.0.40219.1
Project("{FAE04EC0-301F-11D3-BF4B-00C04F79EFBC}") = "WatchPortalFunction", "WatchPortalFunction.csproj", "{637735A5-0791-4B3C-B0D0-60A895313DF7}"
EndProject
Project("{FAE04EC0-301F-11D3-BF4B-00C04F79EFBC}") = "WatchFunctionsTests", "..\WatchFunctionsTests\WatchFunctionsTests.csproj", "{1F10DDB8-3242-472A-AE8E-84C9ECC15245}"
EndProject
Global
	GlobalSection(SolutionConfigurationPlatforms) = preSolution
		Debug|Any CPU = Debug|Any CPU
		Release|Any CPU = Release|Any CPU
	EndGlobalSection
	GlobalSection(ProjectConfigurationPlatforms) = postSolution
		{637735A5-0791-4B3C-B0D0-60A895313DF7}.Debug|Any CPU.ActiveCfg = Debug|Any CPU
		{637735A5-0791-4B3C-B0D0-60A895313DF7}.Debug|Any CPU.Build.0 = Debug|Any CPU
		{637735A5-0791-4B3C-B0D0-60A895313DF7}.Release|Any CPU.ActiveCfg = Release|Any CPU
		{637735A5-0791-4B3C-B0D0-60A895313DF7}.Release|Any CPU.Build.0 = Release|Any CPU
		{1F10DDB8-3242-472A-AE8E-84C9ECC15245}.Debug|Any CPU.ActiveCfg = Debug|Any CPU
		{1F10DDB8-3242-472A-AE8E-84C9ECC15245}.Debug|Any CPU.Build.0 = Debug|Any CPU
		{1F10DDB8-3242-472A-AE8E-84C9ECC15245}.Release|Any CPU.ActiveCfg = Release|Any CPU
		{1F10DDB8-3242-472A-AE8E-84C9ECC15245}.Release|Any CPU.Build.0 = Release|Any CPU
	EndGlobalSection
	GlobalSection(SolutionProperties) = preSolution
		HideSolutionNode = FALSE
	EndGlobalSection
	GlobalSection(ExtensibilityGlobals) = postSolution
		SolutionGuid = {568E6F15-320B-47B0-A0D8-F26CADCB1224}
	EndGlobalSection
EndGlobal
